dependencies:
  espressif/cmake_utilities:
    component_hash: 351350613ceafba240b761b4ea991e0f231ac7a9f59a9ee901f751bddc0bb18f
    dependencies:
    - name: idf
      require: private
      version: '>=4.1'
    source:
      registry_url: https://components.espressif.com/
      type: service
    version: 0.5.3
  espressif/i2c_bus:
    dependencies: []
    source:
      path: /media/evo1/esp-inf/esp-humidity/components/espressif__i2c_bus
      type: local
    version: 1.4.2
  espressif/mdns:
    component_hash: 3ec0af5f6bce310512e90f482388d21cc7c0e99668172d2f895356165fc6f7c5
    dependencies:
    - name: idf
      require: private
      version: '>=5.0'
    source:
      registry_url: https://components.espressif.com/
      type: service
    version: 1.8.2
  idf:
    source:
      type: idf
    version: 5.3.1
direct_dependencies:
- espressif/cmake_utilities
- espressif/i2c_bus
- espressif/mdns
- idf
manifest_hash: 6b012046a5cfcef14dc9a4dcfc3b83f114ac54604a9a37119158835037e541f5
target: esp32s3
version: 2.0.0
