dependencies:
  espressif/cmake_utilities:
    component_hash: 351350613ceafba240b761b4ea991e0f231ac7a9f59a9ee901f751bddc0bb18f
    dependencies:
    - name: idf
      require: private
      version: '>=4.1'
    source:
      registry_url: https://components.espressif.com/
      type: service
    version: 0.5.3
  espressif/i2c_bus:
    dependencies: []
    source:
      path: /home/douglas/dev/esp-inf/esp-humidity/components/espressif__i2c_bus
      type: local
    version: 1.4.2
  idf:
    source:
      type: idf
    version: 5.3.1
direct_dependencies:
- espressif/cmake_utilities
- espressif/i2c_bus
- idf
manifest_hash: 9642f85c9818954cfab0df7176dea611837594945066f2604542839973669ab1
target: esp32s3
version: 2.0.0
